PODS:
  - AFNetworking (3.2.1):
    - AFNetworking/NSURLSession (= 3.2.1)
    - AFNetworking/Reachability (= 3.2.1)
    - AFNetworking/Security (= 3.2.1)
    - AFNetworking/Serialization (= 3.2.1)
    - AFNetworking/UIKit (= 3.2.1)
  - AFNetworking/NSURLSession (3.2.1):
    - AFNetworking/Reachability
    - AFNetworking/Security
    - AFNetworking/Serialization
  - AFNetworking/Reachability (3.2.1)
  - AFNetworking/Security (3.2.1)
  - AFNetworking/Serialization (3.2.1)
  - AFNetworking/UIKit (3.2.1):
    - AFNetworking/NSURLSession
  - BaiduMapKit (4.4.2)
  - BMKLocationKit (1.7.0)
  - FBRetainCycleDetector (0.1.4)
  - FLEX (3.0.0)
  - MBProgressHUD (1.1.0)
  - MJExtension (3.1.1)
  - MLeaksFinder (1.0.0):
    - FBRetainCycleDetector
  - SDWebImage (5.1.1):
    - SDWebImage/Core (= 5.1.1)
  - SDWebImage/Core (5.1.1)
  - YYCache (1.0.4)

DEPENDENCIES:
  - AFNetworking
  - BaiduMapKit
  - BMKLocationKit
  - FLEX
  - MBProgressHUD
  - MJExtension
  - MLeaksFinder
  - SDWebImage
  - YYCache

SPEC REPOS:
  https://github.com/cocoapods/specs.git:
    - AFNetworking
    - BaiduMapKit
    - BMKLocationKit
    - FBRetainCycleDetector
    - FLEX
    - MBProgressHUD
    - MJExtension
    - MLeaksFinder
    - SDWebImage
    - YYCache

SPEC CHECKSUMS:
  AFNetworking: b6f891fdfaed196b46c7a83cf209e09697b94057
  BaiduMapKit: 11acde2e7c06e31b7de60b323880a5eb7c4dccb6
  BMKLocationKit: cbe7a93bc288465e12961e65aa3f11a8f9da3bb1
  FBRetainCycleDetector: 46f8179bbb1c587deee3ea838a1a3ee02acf5015
  FLEX: d66c759bce0f6ebbbf472c742380874d846f2883
  MBProgressHUD: e7baa36a220447d8aeb12769bf0585582f3866d9
  MJExtension: dfef9855ee178e1ce67f3e03b71ca4226330d87d
  MLeaksFinder: 8c435bd2f6d070af18cff082b503b21adc130fc0
  SDWebImage: 96d7f03415ccb28d299d765f93557ff8a617abd8
  YYCache: 8105b6638f5e849296c71f331ff83891a4942952

PODFILE CHECKSUM: e889ee2b28153b944b8b82b3e991f0ee6fd4d545

COCOAPODS: 1.7.5
